// !$*UTF8*$!
{
	archiveVersion = 1;
	classes = {
	};
	objectVersion = 46;
	objects = {

/* Begin PBXBuildFile section */
		01CEC69D1678566700D07A1B /* UIKit.framework in Frameworks */ = {isa = PBXBuildFile; fileRef = 01CEC69C1678566700D07A1B /* UIKit.framework */; };
		01CEC69F1678566700D07A1B /* Foundation.framework in Frameworks */ = {isa = PBXBuildFile; fileRef = 01CEC69E1678566700D07A1B /* Foundation.framework */; };
		01CEC6A11678566700D07A1B /* CoreGraphics.framework in Frameworks */ = {isa = PBXBuildFile; fileRef = 01CEC6A01678566700D07A1B /* CoreGraphics.framework */; };
		01CEC6A71678566700D07A1B /* InfoPlist.strings in Resources */ = {isa = PBXBuildFile; fileRef = 01CEC6A51678566700D07A1B /* InfoPlist.strings */; };
		01CEC6A91678566700D07A1B /* main.m in Sources */ = {isa = PBXBuildFile; fileRef = 01CEC6A81678566700D07A1B /* main.m */; };
		01CEC6AD1678566700D07A1B /* AppDelegate.m in Sources */ = {isa = PBXBuildFile; fileRef = 01CEC6AC1678566700D07A1B /* AppDelegate.m */; };
		01CEC6AF1678566700D07A1B /* Default.png in Resources */ = {isa = PBXBuildFile; fileRef = 01CEC6AE1678566700D07A1B /* Default.png */; };
		01CEC6B11678566700D07A1B /* Default@2x.png in Resources */ = {isa = PBXBuildFile; fileRef = 01CEC6B01678566700D07A1B /* Default@2x.png */; };
		01CEC6B31678566700D07A1B /* Default-568h@2x.png in Resources */ = {isa = PBXBuildFile; fileRef = 01CEC6B21678566700D07A1B /* Default-568h@2x.png */; };
		01CEC6B61678566700D07A1B /* MainStoryboard.storyboard in Resources */ = {isa = PBXBuildFile; fileRef = 01CEC6B41678566700D07A1B /* MainStoryboard.storyboard */; };
		01CEC6B91678566700D07A1B /* ViewController.m in Sources */ = {isa = PBXBuildFile; fileRef = 01CEC6B81678566700D07A1B /* ViewController.m */; };
/* End PBXBuildFile section */

/* Begin PBXFileReference section */
		01CEC6981678566700D07A1B /* WebService.app */ = {isa = PBXFileReference; explicitFileType = wrapper.application; includeInIndex = 0; path = WebService.app; sourceTree = BUILT_PRODUCTS_DIR; };
		01CEC69C1678566700D07A1B /* UIKit.framework */ = {isa = PBXFileReference; lastKnownFileType = wrapper.framework; name = UIKit.framework; path = System/Library/Frameworks/UIKit.framework; sourceTree = SDKROOT; };
		01CEC69E1678566700D07A1B /* Foundation.framework */ = {isa = PBXFileReference; lastKnownFileType = wrapper.framework; name = Foundation.framework; path = System/Library/Frameworks/Foundation.framework; sourceTree = SDKROOT; };
		01CEC6A01678566700D07A1B /* CoreGraphics.framework */ = {isa = PBXFileReference; lastKnownFileType = wrapper.framework; name = CoreGraphics.framework; path = System/Library/Frameworks/CoreGraphics.framework; sourceTree = SDKROOT; };
		01CEC6A41678566700D07A1B /* WebService-Info.plist */ = {isa = PBXFileReference; lastKnownFileType = text.plist.xml; path = "WebService-Info.plist"; sourceTree = "<group>"; };
		01CEC6A61678566700D07A1B /* en */ = {isa = PBXFileReference; lastKnownFileType = text.plist.strings; name = en; path = en.lproj/InfoPlist.strings; sourceTree = "<group>"; };
		01CEC6A81678566700D07A1B /* main.m */ = {isa = PBXFileReference; lastKnownFileType = sourcecode.c.objc; path = main.m; sourceTree = "<group>"; };
		01CEC6AA1678566700D07A1B /* WebService-Prefix.pch */ = {isa = PBXFileReference; lastKnownFileType = sourcecode.c.h; path = "WebService-Prefix.pch"; sourceTree = "<group>"; };
		01CEC6AB1678566700D07A1B /* AppDelegate.h */ = {isa = PBXFileReference; lastKnownFileType = sourcecode.c.h; path = AppDelegate.h; sourceTree = "<group>"; };
		01CEC6AC1678566700D07A1B /* AppDelegate.m */ = {isa = PBXFileReference; lastKnownFileType = sourcecode.c.objc; path = AppDelegate.m; sourceTree = "<group>"; };
		01CEC6AE1678566700D07A1B /* Default.png */ = {isa = PBXFileReference; lastKnownFileType = image.png; path = Default.png; sourceTree = "<group>"; };
		01CEC6B01678566700D07A1B /* Default@2x.png */ = {isa = PBXFileReference; lastKnownFileType = image.png; path = "Default@2x.png"; sourceTree = "<group>"; };
		01CEC6B21678566700D07A1B /* Default-568h@2x.png */ = {isa = PBXFileReference; lastKnownFileType = image.png; path = "Default-568h@2x.png"; sourceTree = "<group>"; };
		01CEC6B51678566700D07A1B /* en */ = {isa = PBXFileReference; lastKnownFileType = file.storyboard; name = en; path = en.lproj/MainStoryboard.storyboard; sourceTree = "<group>"; };
		01CEC6B71678566700D07A1B /* ViewController.h */ = {isa = PBXFileReference; lastKnownFileType = sourcecode.c.h; path = ViewController.h; sourceTree = "<group>"; };
		01CEC6B81678566700D07A1B /* ViewController.m */ = {isa = PBXFileReference; lastKnownFileType = sourcecode.c.objc; path = ViewController.m; sourceTree = "<group>"; };
/* End PBXFileReference section */

/* Begin PBXFrameworksBuildPhase section */
		01CEC6951678566700D07A1B /* Frameworks */ = {
			isa = PBXFrameworksBuildPhase;
			buildActionMask = 2147483647;
			files = (
				01CEC69D1678566700D07A1B /* UIKit.framework in Frameworks */,
				01CEC69F1678566700D07A1B /* Foundation.framework in Frameworks */,
				01CEC6A11678566700D07A1B /* CoreGraphics.framework in Frameworks */,
			);
			runOnlyForDeploymentPostprocessing = 0;
		};
/* End PBXFrameworksBuildPhase section */

/* Begin PBXGroup section */
		01CEC68D1678566700D07A1B = {
			isa = PBXGroup;
			children = (
				01CEC6A21678566700D07A1B /* WebService */,
				01CEC69B1678566700D07A1B /* Frameworks */,
				01CEC6991678566700D07A1B /* Products */,
			);
			sourceTree = "<group>";
		};
		01CEC6991678566700D07A1B /* Products */ = {
			isa = PBXGroup;
			children = (
				01CEC6981678566700D07A1B /* WebService.app */,
			);
			name = Products;
			sourceTree = "<group>";
		};
		01CEC69B1678566700D07A1B /* Frameworks */ = {
			isa = PBXGroup;
			children = (
				01CEC69C1678566700D07A1B /* UIKit.framework */,
				01CEC69E1678566700D07A1B /* Foundation.framework */,
				01CEC6A01678566700D07A1B /* CoreGraphics.framework */,
			);
			name = Frameworks;
			sourceTree = "<group>";
		};
		01CEC6A21678566700D07A1B /* WebService */ = {
			isa = PBXGroup;
			children = (
				01CEC6AB1678566700D07A1B /* AppDelegate.h */,
				01CEC6AC1678566700D07A1B /* AppDelegate.m */,
				01CEC6B41678566700D07A1B /* MainStoryboard.storyboard */,
				01CEC6B71678566700D07A1B /* ViewController.h */,
				01CEC6B81678566700D07A1B /* ViewController.m */,
				01CEC6A31678566700D07A1B /* Supporting Files */,
			);
			path = WebService;
			sourceTree = "<group>";
		};
		01CEC6A31678566700D07A1B /* Supporting Files */ = {
			isa = PBXGroup;
			children = (
				01CEC6A41678566700D07A1B /* WebService-Info.plist */,
				01CEC6A51678566700D07A1B /* InfoPlist.strings */,
				01CEC6A81678566700D07A1B /* main.m */,
				01CEC6AA1678566700D07A1B /* WebService-Prefix.pch */,
				01CEC6AE1678566700D07A1B /* Default.png */,
				01CEC6B01678566700D07A1B /* Default@2x.png */,
				01CEC6B21678566700D07A1B /* Default-568h@2x.png */,
			);
			name = "Supporting Files";
			sourceTree = "<group>";
		};
/* End PBXGroup section */

/* Begin PBXNativeTarget section */
		01CEC6971678566700D07A1B /* WebService */ = {
			isa = PBXNativeTarget;
			buildConfigurationList = 01CEC6BC1678566700D07A1B /* Build configuration list for PBXNativeTarget "WebService" */;
			buildPhases = (
				01CEC6941678566700D07A1B /* Sources */,
				01CEC6951678566700D07A1B /* Frameworks */,
				01CEC6961678566700D07A1B /* Resources */,
			);
			buildRules = (
			);
			dependencies = (
			);
			name = WebService;
			productName = WebService;
			productReference = 01CEC6981678566700D07A1B /* WebService.app */;
			productType = "com.apple.product-type.application";
		};
/* End PBXNativeTarget section */

/* Begin PBXProject section */
		01CEC68F1678566700D07A1B /* Project object */ = {
			isa = PBXProject;
			attributes = {
				LastUpgradeCheck = 0450;
				ORGANIZATIONNAME = rang;
			};
			buildConfigurationList = 01CEC6921678566700D07A1B /* Build configuration list for PBXProject "WebService" */;
			compatibilityVersion = "Xcode 3.2";
			developmentRegion = English;
			hasScannedForEncodings = 0;
			knownRegions = (
				en,
			);
			mainGroup = 01CEC68D1678566700D07A1B;
			productRefGroup = 01CEC6991678566700D07A1B /* Products */;
			projectDirPath = "";
			projectRoot = "";
			targets = (
				01CEC6971678566700D07A1B /* WebService */,
			);
		};
/* End PBXProject section */

/* Begin PBXResourcesBuildPhase section */
		01CEC6961678566700D07A1B /* Resources */ = {
			isa = PBXResourcesBuildPhase;
			buildActionMask = 2147483647;
			files = (
				01CEC6A71678566700D07A1B /* InfoPlist.strings in Resources */,
				01CEC6AF1678566700D07A1B /* Default.png in Resources */,
				01CEC6B11678566700D07A1B /* Default@2x.png in Resources */,
				01CEC6B31678566700D07A1B /* Default-568h@2x.png in Resources */,
				01CEC6B61678566700D07A1B /* MainStoryboard.storyboard in Resources */,
			);
			runOnlyForDeploymentPostprocessing = 0;
		};
/* End PBXResourcesBuildPhase section */

/* Begin PBXSourcesBuildPhase section */
		01CEC6941678566700D07A1B /* Sources */ = {
			isa = PBXSourcesBuildPhase;
			buildActionMask = 2147483647;
			files = (
				01CEC6A91678566700D07A1B /* main.m in Sources */,
				01CEC6AD1678566700D07A1B /* AppDelegate.m in Sources */,
				01CEC6B91678566700D07A1B /* ViewController.m in Sources */,
			);
			runOnlyForDeploymentPostprocessing = 0;
		};
/* End PBXSourcesBuildPhase section */

/* Begin PBXVariantGroup section */
		01CEC6A51678566700D07A1B /* InfoPlist.strings */ = {
			isa = PBXVariantGroup;
			children = (
				01CEC6A61678566700D07A1B /* en */,
			);
			name = InfoPlist.strings;
			sourceTree = "<group>";
		};
		01CEC6B41678566700D07A1B /* MainStoryboard.storyboard */ = {
			isa = PBXVariantGroup;
			children = (
				01CEC6B51678566700D07A1B /* en */,
			);
			name = MainStoryboard.storyboard;
			sourceTree = "<group>";
		};
/* End PBXVariantGroup section */

/* Begin XCBuildConfiguration section */
		01CEC6BA1678566700D07A1B /* Debug */ = {
			isa = XCBuildConfiguration;
			buildSettings = {
				ALWAYS_SEARCH_USER_PATHS = NO;
				CLANG_CXX_LANGUAGE_STANDARD = "gnu++0x";
				CLANG_CXX_LIBRARY = "libc++";
				CLANG_WARN_EMPTY_BODY = YES;
				CLANG_WARN__DUPLICATE_METHOD_MATCH = YES;
				"CODE_SIGN_IDENTITY[sdk=iphoneos*]" = "iPhone Developer";
				COPY_PHASE_STRIP = NO;
				GCC_C_LANGUAGE_STANDARD = gnu99;
				GCC_DYNAMIC_NO_PIC = NO;
				GCC_OPTIMIZATION_LEVEL = 0;
				GCC_PREPROCESSOR_DEFINITIONS = (
					"DEBUG=1",
					"$(inherited)",
				);
				GCC_SYMBOLS_PRIVATE_EXTERN = NO;
				GCC_WARN_ABOUT_RETURN_TYPE = YES;
				GCC_WARN_UNINITIALIZED_AUTOS = YES;
				GCC_WARN_UNUSED_VARIABLE = YES;
				IPHONEOS_DEPLOYMENT_TARGET = 6.0;
				SDKROOT = iphoneos;
			};
			name = Debug;
		};
		01CEC6BB1678566700D07A1B /* Release */ = {
			isa = XCBuildConfiguration;
			buildSettings = {
				ALWAYS_SEARCH_USER_PATHS = NO;
				CLANG_CXX_LANGUAGE_STANDARD = "gnu++0x";
				CLANG_CXX_LIBRARY = "libc++";
				CLANG_WARN_EMPTY_BODY = YES;
				CLANG_WARN__DUPLICATE_METHOD_MATCH = YES;
				"CODE_SIGN_IDENTITY[sdk=iphoneos*]" = "iPhone Developer";
				COPY_PHASE_STRIP = YES;
				GCC_C_LANGUAGE_STANDARD = gnu99;
				GCC_WARN_ABOUT_RETURN_TYPE = YES;
				GCC_WARN_UNINITIALIZED_AUTOS = YES;
				GCC_WARN_UNUSED_VARIABLE = YES;
				IPHONEOS_DEPLOYMENT_TARGET = 6.0;
				OTHER_CFLAGS = "-DNS_BLOCK_ASSERTIONS=1";
				SDKROOT = iphoneos;
				VALIDATE_PRODUCT = YES;
			};
			name = Release;
		};
		01CEC6BD1678566700D07A1B /* Debug */ = {
			isa = XCBuildConfiguration;
			buildSettings = {
				GCC_PRECOMPILE_PREFIX_HEADER = YES;
				GCC_PREFIX_HEADER = "WebService/WebService-Prefix.pch";
				INFOPLIST_FILE = "WebService/WebService-Info.plist";
				PRODUCT_NAME = "$(TARGET_NAME)";
				WRAPPER_EXTENSION = app;
			};
			name = Debug;
		};
		01CEC6BE1678566700D07A1B /* Release */ = {
			isa = XCBuildConfiguration;
			buildSettings = {
				GCC_PRECOMPILE_PREFIX_HEADER = YES;
				GCC_PREFIX_HEADER = "WebService/WebService-Prefix.pch";
				INFOPLIST_FILE = "WebService/WebService-Info.plist";
				PRODUCT_NAME = "$(TARGET_NAME)";
				WRAPPER_EXTENSION = app;
			};
			name = Release;
		};
/* End XCBuildConfiguration section */

/* Begin XCConfigurationList section */
		01CEC6921678566700D07A1B /* Build configuration list for PBXProject "WebService" */ = {
			isa = XCConfigurationList;
			buildConfigurations = (
				01CEC6BA1678566700D07A1B /* Debug */,
				01CEC6BB1678566700D07A1B /* Release */,
			);
			defaultConfigurationIsVisible = 0;
			defaultConfigurationName = Release;
		};
		01CEC6BC1678566700D07A1B /* Build configuration list for PBXNativeTarget "WebService" */ = {
			isa = XCConfigurationList;
			buildConfigurations = (
				01CEC6BD1678566700D07A1B /* Debug */,
				01CEC6BE1678566700D07A1B /* Release */,
			);
			defaultConfigurationIsVisible = 0;
		};
/* End XCConfigurationList section */
	};
	rootObject = 01CEC68F1678566700D07A1B /* Project object */;
}
